
Microsoft Visual Studio Solution File, Format Version 12.00
# Visual Studio 14
VisualStudioVersion = 14.0.25420.1
MinimumVisualStudioVersion = 10.0.40219.1
Project("{8BC9CEB8-8B4A-11D0-8D11-00A0C91BC942}") = "1.GerstnerWave", "1.GerstnerWave\1.GerstnerWave.vcxproj", "{D9E11F29-AE21-49A5-AD16-F5A08B5C3F3C}"
EndProject
Project("{8BC9CEB8-8B4A-11D0-8D11-00A0C91BC942}") = "2.WaterCausticsSnell", "2.WaterCausticsSnell\2.WaterCausticsSnell.vcxproj", "{18F2D7F5-B638-4369-896E-86EF6D18181C}"
EndProject
Project("{8BC9CEB8-8B4A-11D0-8D11-00A0C91BC942}") = "3.Diffraction", "3.Diffraction\3.Diffraction.vcxproj", "{F20268F1-7C86-4F3D-A578-E9FEF9B36398}"
EndProject
Global
	GlobalSection(SolutionConfigurationPlatforms) = preSolution
		Debug|x64 = Debug|x64
		Debug|x86 = Debug|x86
		Release|x64 = Release|x64
		Release|x86 = Release|x86
	EndGlobalSection
	GlobalSection(ProjectConfigurationPlatforms) = postSolution
		{D9E11F29-AE21-49A5-AD16-F5A08B5C3F3C}.Debug|x64.ActiveCfg = Debug|x64
		{D9E11F29-AE21-49A5-AD16-F5A08B5C3F3C}.Debug|x64.Build.0 = Debug|x64
		{D9E11F29-AE21-49A5-AD16-F5A08B5C3F3C}.Debug|x86.ActiveCfg = Debug|Win32
		{D9E11F29-AE21-49A5-AD16-F5A08B5C3F3C}.Debug|x86.Build.0 = Debug|Win32
		{D9E11F29-AE21-49A5-AD16-F5A08B5C3F3C}.Release|x64.ActiveCfg = Release|x64
		{D9E11F29-AE21-49A5-AD16-F5A08B5C3F3C}.Release|x64.Build.0 = Release|x64
		{D9E11F29-AE21-49A5-AD16-F5A08B5C3F3C}.Release|x86.ActiveCfg = Release|Win32
		{D9E11F29-AE21-49A5-AD16-F5A08B5C3F3C}.Release|x86.Build.0 = Release|Win32
		{18F2D7F5-B638-4369-896E-86EF6D18181C}.Debug|x64.ActiveCfg = Debug|x64
		{18F2D7F5-B638-4369-896E-86EF6D18181C}.Debug|x64.Build.0 = Debug|x64
		{18F2D7F5-B638-4369-896E-86EF6D18181C}.Debug|x86.ActiveCfg = Debug|Win32
		{18F2D7F5-B638-4369-896E-86EF6D18181C}.Debug|x86.Build.0 = Debug|Win32
		{18F2D7F5-B638-4369-896E-86EF6D18181C}.Release|x64.ActiveCfg = Release|x64
		{18F2D7F5-B638-4369-896E-86EF6D18181C}.Release|x64.Build.0 = Release|x64
		{18F2D7F5-B638-4369-896E-86EF6D18181C}.Release|x86.ActiveCfg = Release|Win32
		{18F2D7F5-B638-4369-896E-86EF6D18181C}.Release|x86.Build.0 = Release|Win32
		{F20268F1-7C86-4F3D-A578-E9FEF9B36398}.Debug|x64.ActiveCfg = Debug|x64
		{F20268F1-7C86-4F3D-A578-E9FEF9B36398}.Debug|x64.Build.0 = Debug|x64
		{F20268F1-7C86-4F3D-A578-E9FEF9B36398}.Debug|x86.ActiveCfg = Debug|Win32
		{F20268F1-7C86-4F3D-A578-E9FEF9B36398}.Debug|x86.Build.0 = Debug|Win32
		{F20268F1-7C86-4F3D-A578-E9FEF9B36398}.Release|x64.ActiveCfg = Release|x64
		{F20268F1-7C86-4F3D-A578-E9FEF9B36398}.Release|x64.Build.0 = Release|x64
		{F20268F1-7C86-4F3D-A578-E9FEF9B36398}.Release|x86.ActiveCfg = Release|Win32
		{F20268F1-7C86-4F3D-A578-E9FEF9B36398}.Release|x86.Build.0 = Release|Win32
	EndGlobalSection
	GlobalSection(SolutionProperties) = preSolution
		HideSolutionNode = FALSE
	EndGlobalSection
EndGlobal
