<?xml version="1.0" encoding="utf-8"?>
<Project ToolsVersion="4.0" xmlns="http://schemas.microsoft.com/developer/msbuild/2003">
  <ItemGroup>
    <Filter Include="src">
      <UniqueIdentifier>{4FC737F1-C7A5-4376-A066-2A32D752A2FF}</UniqueIdentifier>
      <Extensions>cpp;c;cc;cxx;def;odl;idl;hpj;bat;asm;asmx</Extensions>
    </Filter>
    <Filter Include="res">
      <UniqueIdentifier>{f4b9b378-783f-462b-9c97-5059b2c1c9e3}</UniqueIdentifier>
    </Filter>
  </ItemGroup>
  <ItemGroup>
    <ClCompile Include="util.cpp">
      <Filter>src</Filter>
    </ClCompile>
    <ClCompile Include="wave-gerstner-light.cpp">
      <Filter>src</Filter>
    </ClCompile>
  </ItemGroup>
  <ItemGroup>
    <ClInclude Include="util.h">
      <Filter>src</Filter>
    </ClInclude>
  </ItemGroup>
  <ItemGroup>
    <Image Include="..\media\1.GerstnerWave\water-texture-2.tga">
      <Filter>res</Filter>
    </Image>
    <Image Include="..\media\1.GerstnerWave\water-texture-2-normal.tga">
      <Filter>res</Filter>
    </Image>
  </ItemGroup>
  <ItemGroup>
    <None Include="..\media\1.GerstnerWave\wave-gerstner-light-fs.glsl">
      <Filter>res</Filter>
    </None>
    <None Include="..\media\1.GerstnerWave\wave-gerstner-light-vs.glsl">
      <Filter>res</Filter>
    </None>
  </ItemGroup>
</Project>